// !$*UTF8*$!
{
	archiveVersion = 1;
	classes = {
	};
	objectVersion = 46;
	objects = {

/* Begin PBXBuildFile section */
		C627D58E1D13436600493F01 /* AppDelegate.swift in Sources */ = {isa = PBXBuildFile; fileRef = C627D58D1D13436600493F01 /* AppDelegate.swift */; };
		C627D5951D13436600493F01 /* Assets.xcassets in Resources */ = {isa = PBXBuildFile; fileRef = C627D5941D13436600493F01 /* Assets.xcassets */; };
		C627D5981D13436600493F01 /* LaunchScreen.storyboard in Resources */ = {isa = PBXBuildFile; fileRef = C627D5961D13436600493F01 /* LaunchScreen.storyboard */; };
		C627D5A11D13439B00493F01 /* ViewControllers.swift in Sources */ = {isa = PBXBuildFile; fileRef = C627D59F1D13439B00493F01 /* ViewControllers.swift */; };
		C627D5A21D13439B00493F01 /* CustomPresentationController.swift in Sources */ = {isa = PBXBuildFile; fileRef = C627D5A01D13439B00493F01 /* CustomPresentationController.swift */; };
/* End PBXBuildFile section */

/* Begin PBXFileReference section */
		C627D58A1D13436600493F01 /* iOS Custom Transitions.app */ = {isa = PBXFileReference; explicitFileType = wrapper.application; includeInIndex = 0; path = "iOS Custom Transitions.app"; sourceTree = BUILT_PRODUCTS_DIR; };
		C627D58D1D13436600493F01 /* AppDelegate.swift */ = {isa = PBXFileReference; lastKnownFileType = sourcecode.swift; path = AppDelegate.swift; sourceTree = "<group>"; };
		C627D5941D13436600493F01 /* Assets.xcassets */ = {isa = PBXFileReference; lastKnownFileType = folder.assetcatalog; path = Assets.xcassets; sourceTree = "<group>"; };
		C627D5971D13436600493F01 /* Base */ = {isa = PBXFileReference; lastKnownFileType = file.storyboard; name = Base; path = Base.lproj/LaunchScreen.storyboard; sourceTree = "<group>"; };
		C627D5991D13436600493F01 /* Info.plist */ = {isa = PBXFileReference; lastKnownFileType = text.plist.xml; path = Info.plist; sourceTree = "<group>"; };
		C627D59F1D13439B00493F01 /* ViewControllers.swift */ = {isa = PBXFileReference; fileEncoding = 4; lastKnownFileType = sourcecode.swift; path = ViewControllers.swift; sourceTree = "<group>"; };
		C627D5A01D13439B00493F01 /* CustomPresentationController.swift */ = {isa = PBXFileReference; fileEncoding = 4; lastKnownFileType = sourcecode.swift; path = CustomPresentationController.swift; sourceTree = "<group>"; };
/* End PBXFileReference section */

/* Begin PBXFrameworksBuildPhase section */
		C627D5871D13436600493F01 /* Frameworks */ = {
			isa = PBXFrameworksBuildPhase;
			buildActionMask = 2147483647;
			files = (
			);
			runOnlyForDeploymentPostprocessing = 0;
		};
/* End PBXFrameworksBuildPhase section */

/* Begin PBXGroup section */
		C627D5811D13436600493F01 = {
			isa = PBXGroup;
			children = (
				C627D58C1D13436600493F01 /* iOS Custom Transitions */,
				C627D58B1D13436600493F01 /* Products */,
			);
			sourceTree = "<group>";
		};
		C627D58B1D13436600493F01 /* Products */ = {
			isa = PBXGroup;
			children = (
				C627D58A1D13436600493F01 /* iOS Custom Transitions.app */,
			);
			name = Products;
			sourceTree = "<group>";
		};
		C627D58C1D13436600493F01 /* iOS Custom Transitions */ = {
			isa = PBXGroup;
			children = (
				C627D58D1D13436600493F01 /* AppDelegate.swift */,
				C627D59F1D13439B00493F01 /* ViewControllers.swift */,
				C627D5A01D13439B00493F01 /* CustomPresentationController.swift */,
				C627D5941D13436600493F01 /* Assets.xcassets */,
				C627D5961D13436600493F01 /* LaunchScreen.storyboard */,
				C627D5991D13436600493F01 /* Info.plist */,
			);
			path = "iOS Custom Transitions";
			sourceTree = "<group>";
		};
/* End PBXGroup section */

/* Begin PBXNativeTarget section */
		C627D5891D13436600493F01 /* iOS Custom Transitions */ = {
			isa = PBXNativeTarget;
			buildConfigurationList = C627D59C1D13436600493F01 /* Build configuration list for PBXNativeTarget "iOS Custom Transitions" */;
			buildPhases = (
				C627D5861D13436600493F01 /* Sources */,
				C627D5871D13436600493F01 /* Frameworks */,
				C627D5881D13436600493F01 /* Resources */,
			);
			buildRules = (
			);
			dependencies = (
			);
			name = "iOS Custom Transitions";
			productName = "iOS Custom Transitions";
			productReference = C627D58A1D13436600493F01 /* iOS Custom Transitions.app */;
			productType = "com.apple.product-type.application";
		};
/* End PBXNativeTarget section */

/* Begin PBXProject section */
		C627D5821D13436600493F01 /* Project object */ = {
			isa = PBXProject;
			attributes = {
				LastSwiftUpdateCheck = 0800;
				LastUpgradeCheck = 0800;
				ORGANIZATIONNAME = "Sam Warner";
				TargetAttributes = {
					C627D5891D13436600493F01 = {
						CreatedOnToolsVersion = 8.0;
						DevelopmentTeam = X8RANKGJ48;
						DevelopmentTeamName = "Sam Warner (Personal Team)";
						ProvisioningStyle = Automatic;
					};
				};
			};
			buildConfigurationList = C627D5851D13436600493F01 /* Build configuration list for PBXProject "iOS Custom Transitions" */;
			compatibilityVersion = "Xcode 3.2";
			developmentRegion = English;
			hasScannedForEncodings = 0;
			knownRegions = (
				en,
				Base,
			);
			mainGroup = C627D5811D13436600493F01;
			productRefGroup = C627D58B1D13436600493F01 /* Products */;
			projectDirPath = "";
			projectRoot = "";
			targets = (
				C627D5891D13436600493F01 /* iOS Custom Transitions */,
			);
		};
/* End PBXProject section */

/* Begin PBXResourcesBuildPhase section */
		C627D5881D13436600493F01 /* Resources */ = {
			isa = PBXResourcesBuildPhase;
			buildActionMask = 2147483647;
			files = (
				C627D5981D13436600493F01 /* LaunchScreen.storyboard in Resources */,
				C627D5951D13436600493F01 /* Assets.xcassets in Resources */,
			);
			runOnlyForDeploymentPostprocessing = 0;
		};
/* End PBXResourcesBuildPhase section */

/* Begin PBXSourcesBuildPhase section */
		C627D5861D13436600493F01 /* Sources */ = {
			isa = PBXSourcesBuildPhase;
			buildActionMask = 2147483647;
			files = (
				C627D5A11D13439B00493F01 /* ViewControllers.swift in Sources */,
				C627D58E1D13436600493F01 /* AppDelegate.swift in Sources */,
				C627D5A21D13439B00493F01 /* CustomPresentationController.swift in Sources */,
			);
			runOnlyForDeploymentPostprocessing = 0;
		};
/* End PBXSourcesBuildPhase section */

/* Begin PBXVariantGroup section */
		C627D5961D13436600493F01 /* LaunchScreen.storyboard */ = {
			isa = PBXVariantGroup;
			children = (
				C627D5971D13436600493F01 /* Base */,
			);
			name = LaunchScreen.storyboard;
			sourceTree = "<group>";
		};
/* End PBXVariantGroup section */

/* Begin XCBuildConfiguration section */
		C627D59A1D13436600493F01 /* Debug */ = {
			isa = XCBuildConfiguration;
			buildSettings = {
				ALWAYS_SEARCH_USER_PATHS = NO;
				CLANG_ANALYZER_NONNULL = YES;
				CLANG_CXX_LANGUAGE_STANDARD = "gnu++0x";
				CLANG_CXX_LIBRARY = "libc++";
				CLANG_ENABLE_MODULES = YES;
				CLANG_ENABLE_OBJC_ARC = YES;
				CLANG_WARN_BOOL_CONVERSION = YES;
				CLANG_WARN_CONSTANT_CONVERSION = YES;
				CLANG_WARN_DIRECT_OBJC_ISA_USAGE = YES_ERROR;
				CLANG_WARN_DOCUMENTATION_COMMENTS = YES;
				CLANG_WARN_EMPTY_BODY = YES;
				CLANG_WARN_ENUM_CONVERSION = YES;
				CLANG_WARN_INT_CONVERSION = YES;
				CLANG_WARN_OBJC_ROOT_CLASS = YES_ERROR;
				CLANG_WARN_UNREACHABLE_CODE = YES;
				CLANG_WARN__DUPLICATE_METHOD_MATCH = YES;
				"CODE_SIGN_IDENTITY[sdk=iphoneos*]" = "iPhone Developer";
				COPY_PHASE_STRIP = NO;
				DEBUG_INFORMATION_FORMAT = dwarf;
				ENABLE_STRICT_OBJC_MSGSEND = YES;
				ENABLE_TESTABILITY = YES;
				GCC_C_LANGUAGE_STANDARD = gnu99;
				GCC_DYNAMIC_NO_PIC = NO;
				GCC_NO_COMMON_BLOCKS = YES;
				GCC_OPTIMIZATION_LEVEL = 0;
				GCC_PREPROCESSOR_DEFINITIONS = (
					"DEBUG=1",
					"$(inherited)",
				);
				GCC_WARN_64_TO_32_BIT_CONVERSION = YES;
				GCC_WARN_ABOUT_RETURN_TYPE = YES_ERROR;
				GCC_WARN_UNDECLARED_SELECTOR = YES;
				GCC_WARN_UNINITIALIZED_AUTOS = YES_AGGRESSIVE;
				GCC_WARN_UNUSED_FUNCTION = YES;
				GCC_WARN_UNUSED_VARIABLE = YES;
				IPHONEOS_DEPLOYMENT_TARGET = 10.0;
				MTL_ENABLE_DEBUG_INFO = YES;
				ONLY_ACTIVE_ARCH = YES;
				SDKROOT = iphoneos;
				SWIFT_ACTIVE_COMPILATION_CONDITIONS = DEBUG;
				SWIFT_OPTIMIZATION_LEVEL = "-Onone";
				TARGETED_DEVICE_FAMILY = "1,2";
			};
			name = Debug;
		};
		C627D59B1D13436600493F01 /* Release */ = {
			isa = XCBuildConfiguration;
			buildSettings = {
				ALWAYS_SEARCH_USER_PATHS = NO;
				CLANG_ANALYZER_NONNULL = YES;
				CLANG_CXX_LANGUAGE_STANDARD = "gnu++0x";
				CLANG_CXX_LIBRARY = "libc++";
				CLANG_ENABLE_MODULES = YES;
				CLANG_ENABLE_OBJC_ARC = YES;
				CLANG_WARN_BOOL_CONVERSION = YES;
				CLANG_WARN_CONSTANT_CONVERSION = YES;
				CLANG_WARN_DIRECT_OBJC_ISA_USAGE = YES_ERROR;
				CLANG_WARN_DOCUMENTATION_COMMENTS = YES;
				CLANG_WARN_EMPTY_BODY = YES;
				CLANG_WARN_ENUM_CONVERSION = YES;
				CLANG_WARN_INT_CONVERSION = YES;
				CLANG_WARN_OBJC_ROOT_CLASS = YES_ERROR;
				CLANG_WARN_UNREACHABLE_CODE = YES;
				CLANG_WARN__DUPLICATE_METHOD_MATCH = YES;
				"CODE_SIGN_IDENTITY[sdk=iphoneos*]" = "iPhone Developer";
				COPY_PHASE_STRIP = NO;
				DEBUG_INFORMATION_FORMAT = "dwarf-with-dsym";
				ENABLE_NS_ASSERTIONS = NO;
				ENABLE_STRICT_OBJC_MSGSEND = YES;
				GCC_C_LANGUAGE_STANDARD = gnu99;
				GCC_NO_COMMON_BLOCKS = YES;
				GCC_WARN_64_TO_32_BIT_CONVERSION = YES;
				GCC_WARN_ABOUT_RETURN_TYPE = YES_ERROR;
				GCC_WARN_UNDECLARED_SELECTOR = YES;
				GCC_WARN_UNINITIALIZED_AUTOS = YES_AGGRESSIVE;
				GCC_WARN_UNUSED_FUNCTION = YES;
				GCC_WARN_UNUSED_VARIABLE = YES;
				IPHONEOS_DEPLOYMENT_TARGET = 10.0;
				MTL_ENABLE_DEBUG_INFO = NO;
				SDKROOT = iphoneos;
				SWIFT_OPTIMIZATION_LEVEL = "-Owholemodule";
				TARGETED_DEVICE_FAMILY = "1,2";
				VALIDATE_PRODUCT = YES;
			};
			name = Release;
		};
		C627D59D1D13436600493F01 /* Debug */ = {
			isa = XCBuildConfiguration;
			buildSettings = {
				ASSETCATALOG_COMPILER_APPICON_NAME = AppIcon;
				INFOPLIST_FILE = "iOS Custom Transitions/Info.plist";
				LD_RUNPATH_SEARCH_PATHS = "$(inherited) @executable_path/Frameworks";
				PRODUCT_BUNDLE_IDENTIFIER = "au.com.sw.iOS-Custom-Transitions";
				PRODUCT_NAME = "$(TARGET_NAME)";
				SWIFT_VERSION = 3.0;
			};
			name = Debug;
		};
		C627D59E1D13436600493F01 /* Release */ = {
			isa = XCBuildConfiguration;
			buildSettings = {
				ASSETCATALOG_COMPILER_APPICON_NAME = AppIcon;
				INFOPLIST_FILE = "iOS Custom Transitions/Info.plist";
				LD_RUNPATH_SEARCH_PATHS = "$(inherited) @executable_path/Frameworks";
				PRODUCT_BUNDLE_IDENTIFIER = "au.com.sw.iOS-Custom-Transitions";
				PRODUCT_NAME = "$(TARGET_NAME)";
				SWIFT_VERSION = 3.0;
			};
			name = Release;
		};
/* End XCBuildConfiguration section */

/* Begin XCConfigurationList section */
		C627D5851D13436600493F01 /* Build configuration list for PBXProject "iOS Custom Transitions" */ = {
			isa = XCConfigurationList;
			buildConfigurations = (
				C627D59A1D13436600493F01 /* Debug */,
				C627D59B1D13436600493F01 /* Release */,
			);
			defaultConfigurationIsVisible = 0;
			defaultConfigurationName = Release;
		};
		C627D59C1D13436600493F01 /* Build configuration list for PBXNativeTarget "iOS Custom Transitions" */ = {
			isa = XCConfigurationList;
			buildConfigurations = (
				C627D59D1D13436600493F01 /* Debug */,
				C627D59E1D13436600493F01 /* Release */,
			);
			defaultConfigurationIsVisible = 0;
		};
/* End XCConfigurationList section */
	};
	rootObject = C627D5821D13436600493F01 /* Project object */;
}
